
Microsoft Visual Studio Solution File, Format Version 12.00
# Visual Studio Version 16
VisualStudioVersion = 16.0.29503.13
MinimumVisualStudioVersion = 10.0.40219.1
Project("{9A19103F-16F7-4668-BE54-9A1E7A4F7556}") = "DiseasesData", "DiseasesData.csproj", "{B0D249D3-4BD5-46F8-925D-257274AFFFF6}"
EndProject
Project("{9A19103F-16F7-4668-BE54-9A1E7A4F7556}") = "DiseasesDataUnitTests", "..\DiseasesDataUnitTests\DiseasesDataUnitTests.csproj", "{A50B840E-9450-4268-821C-CF483267C702}"
EndProject
Project("{FAE04EC0-301F-11D3-BF4B-00C04F79EFBC}") = "Population", "..\Population\Population.csproj", "{CACBBE43-52AF-438B-A6D7-3FD4573F6E13}"
EndProject
Global
	GlobalSection(SolutionConfigurationPlatforms) = preSolution
		Debug|Any CPU = Debug|Any CPU
		Release|Any CPU = Release|Any CPU
	EndGlobalSection
	GlobalSection(ProjectConfigurationPlatforms) = postSolution
		{B0D249D3-4BD5-46F8-925D-257274AFFFF6}.Debug|Any CPU.ActiveCfg = Debug|Any CPU
		{B0D249D3-4BD5-46F8-925D-257274AFFFF6}.Debug|Any CPU.Build.0 = Debug|Any CPU
		{B0D249D3-4BD5-46F8-925D-257274AFFFF6}.Release|Any CPU.ActiveCfg = Release|Any CPU
		{B0D249D3-4BD5-46F8-925D-257274AFFFF6}.Release|Any CPU.Build.0 = Release|Any CPU
		{A50B840E-9450-4268-821C-CF483267C702}.Debug|Any CPU.ActiveCfg = Debug|Any CPU
		{A50B840E-9450-4268-821C-CF483267C702}.Debug|Any CPU.Build.0 = Debug|Any CPU
		{A50B840E-9450-4268-821C-CF483267C702}.Release|Any CPU.ActiveCfg = Release|Any CPU
		{A50B840E-9450-4268-821C-CF483267C702}.Release|Any CPU.Build.0 = Release|Any CPU
		{CACBBE43-52AF-438B-A6D7-3FD4573F6E13}.Debug|Any CPU.ActiveCfg = Debug|Any CPU
		{CACBBE43-52AF-438B-A6D7-3FD4573F6E13}.Debug|Any CPU.Build.0 = Debug|Any CPU
		{CACBBE43-52AF-438B-A6D7-3FD4573F6E13}.Release|Any CPU.ActiveCfg = Release|Any CPU
		{CACBBE43-52AF-438B-A6D7-3FD4573F6E13}.Release|Any CPU.Build.0 = Release|Any CPU
	EndGlobalSection
	GlobalSection(SolutionProperties) = preSolution
		HideSolutionNode = FALSE
	EndGlobalSection
	GlobalSection(ExtensibilityGlobals) = postSolution
		SolutionGuid = {44CDEC8B-E66A-4400-B064-BAB04326F166}
	EndGlobalSection
EndGlobal
